
Microsoft Visual Studio Solution File, Format Version 12.00
# Visual Studio Version 16
VisualStudioVersion = 16.0.30621.155
MinimumVisualStudioVersion = 10.0.40219.1
Project("{FAE04EC0-301F-11D3-BF4B-00C04F79EFBC}") = "AuthrorizeDemo2.Server", "AuthrorizeDemo2\Server\AuthrorizeDemo2.Server.csproj", "{F65915C9-6E06-46D6-B4FB-AB2CE4F2739E}"
EndProject
Project("{FAE04EC0-301F-11D3-BF4B-00C04F79EFBC}") = "AuthrorizeDemo2.Client", "AuthrorizeDemo2\Client\AuthrorizeDemo2.Client.csproj", "{98E47EBA-78C4-40F3-B861-2F15E04FAF4D}"
EndProject
Project("{FAE04EC0-301F-11D3-BF4B-00C04F79EFBC}") = "AuthrorizeDemo2.Shared", "AuthrorizeDemo2\Shared\AuthrorizeDemo2.Shared.csproj", "{791CB89A-2025-4C19-AC4D-24D91BD0D7CE}"
EndProject
Global
	GlobalSection(SolutionConfigurationPlatforms) = preSolution
		Debug|Any CPU = Debug|Any CPU
		Release|Any CPU = Release|Any CPU
	EndGlobalSection
	GlobalSection(ProjectConfigurationPlatforms) = postSolution
		{F65915C9-6E06-46D6-B4FB-AB2CE4F2739E}.Debug|Any CPU.ActiveCfg = Debug|Any CPU
		{F65915C9-6E06-46D6-B4FB-AB2CE4F2739E}.Debug|Any CPU.Build.0 = Debug|Any CPU
		{F65915C9-6E06-46D6-B4FB-AB2CE4F2739E}.Release|Any CPU.ActiveCfg = Release|Any CPU
		{F65915C9-6E06-46D6-B4FB-AB2CE4F2739E}.Release|Any CPU.Build.0 = Release|Any CPU
		{98E47EBA-78C4-40F3-B861-2F15E04FAF4D}.Debug|Any CPU.ActiveCfg = Debug|Any CPU
		{98E47EBA-78C4-40F3-B861-2F15E04FAF4D}.Debug|Any CPU.Build.0 = Debug|Any CPU
		{98E47EBA-78C4-40F3-B861-2F15E04FAF4D}.Release|Any CPU.ActiveCfg = Release|Any CPU
		{98E47EBA-78C4-40F3-B861-2F15E04FAF4D}.Release|Any CPU.Build.0 = Release|Any CPU
		{791CB89A-2025-4C19-AC4D-24D91BD0D7CE}.Debug|Any CPU.ActiveCfg = Debug|Any CPU
		{791CB89A-2025-4C19-AC4D-24D91BD0D7CE}.Debug|Any CPU.Build.0 = Debug|Any CPU
		{791CB89A-2025-4C19-AC4D-24D91BD0D7CE}.Release|Any CPU.ActiveCfg = Release|Any CPU
		{791CB89A-2025-4C19-AC4D-24D91BD0D7CE}.Release|Any CPU.Build.0 = Release|Any CPU
	EndGlobalSection
	GlobalSection(SolutionProperties) = preSolution
		HideSolutionNode = FALSE
	EndGlobalSection
	GlobalSection(ExtensibilityGlobals) = postSolution
		SolutionGuid = {E5D2E83D-A8E4-4E2F-AE09-E365DFCE2B7B}
	EndGlobalSection
EndGlobal
